
Microsoft Visual Studio Solution File, Format Version 12.00
# Visual Studio Version 16
VisualStudioVersion = 16.0.29509.3
MinimumVisualStudioVersion = 10.0.40219.1
Project("{FAE04EC0-301F-11D3-BF4B-00C04F79EFBC}") = "TrackerLibrary", "TrackerLibrary\TrackerLibrary.csproj", "{C30F0303-B6B5-4007-9478-AFBBF74AEA28}"
EndProject
Project("{FAE04EC0-301F-11D3-BF4B-00C04F79EFBC}") = "TrackerUI", "TrackerUI\TrackerUI.csproj", "{2656BED7-A4B7-49AB-A08A-1C0ADA530135}"
EndProject
Global
	GlobalSection(SolutionConfigurationPlatforms) = preSolution
		Debug|Any CPU = Debug|Any CPU
		Release|Any CPU = Release|Any CPU
	EndGlobalSection
	GlobalSection(ProjectConfigurationPlatforms) = postSolution
		{C30F0303-B6B5-4007-9478-AFBBF74AEA28}.Debug|Any CPU.ActiveCfg = Debug|Any CPU
		{C30F0303-B6B5-4007-9478-AFBBF74AEA28}.Debug|Any CPU.Build.0 = Debug|Any CPU
		{C30F0303-B6B5-4007-9478-AFBBF74AEA28}.Release|Any CPU.ActiveCfg = Release|Any CPU
		{C30F0303-B6B5-4007-9478-AFBBF74AEA28}.Release|Any CPU.Build.0 = Release|Any CPU
		{2656BED7-A4B7-49AB-A08A-1C0ADA530135}.Debug|Any CPU.ActiveCfg = Debug|Any CPU
		{2656BED7-A4B7-49AB-A08A-1C0ADA530135}.Debug|Any CPU.Build.0 = Debug|Any CPU
		{2656BED7-A4B7-49AB-A08A-1C0ADA530135}.Release|Any CPU.ActiveCfg = Release|Any CPU
		{2656BED7-A4B7-49AB-A08A-1C0ADA530135}.Release|Any CPU.Build.0 = Release|Any CPU
	EndGlobalSection
	GlobalSection(SolutionProperties) = preSolution
		HideSolutionNode = FALSE
	EndGlobalSection
	GlobalSection(ExtensibilityGlobals) = postSolution
		SolutionGuid = {01A91FE0-D4B6-4C4A-9C4A-7CACF3A78087}
	EndGlobalSection
EndGlobal
